Microsoft Visual Studio Solution File, Format Version 12.00
# Visual Studio Version 16
VisualStudioVersion = 16.0.28407.52
MinimumVisualStudioVersion = 10.0.40219.1
Project("{2150E333-8FDC-42A3-9474-1A3956D46DE8}") = "Solution Items", "Solution Items", "{258B66F5-299C-4299-9939-A2BAADFF9FC2}"
	ProjectSection(SolutionItems) = preProject
		api.yaml = api.yaml
		..\..\..\Downloads\sample.json = ..\..\..\Downloads\sample.json
	EndProjectSection
EndProject
Project("{9A19103F-16F7-4668-BE54-9A1E7A4F7556}") = "Praxeum.FunctionApp", "Praxeum.FunctionApp\Praxeum.FunctionApp.csproj", "{DA43D4B0-A350-4D74-863B-A6DF22B6ACA7}"
EndProject
Project("{9A19103F-16F7-4668-BE54-9A1E7A4F7556}") = "Praxeum.FunctionApp.Tests", "Praxeum.FunctionApp.Tests\Praxeum.FunctionApp.Tests.csproj", "{2238A553-8299-4BB5-B7B1-F22F6691E0A7}"
EndProject
Project("{9A19103F-16F7-4668-BE54-9A1E7A4F7556}") = "Praxeum.WebApp.Tests", "Praxeum.WebApp.Tests\Praxeum.WebApp.Tests.csproj", "{88F32908-B92B-4FF1-941F-0FF154F9010E}"
EndProject
Project("{9A19103F-16F7-4668-BE54-9A1E7A4F7556}") = "Praxeum.WebApp", "Praxeum.WebApp\Praxeum.WebApp.csproj", "{2D794B1C-2B5D-4B22-8CBE-688300EB4247}"
EndProject
Project("{9A19103F-16F7-4668-BE54-9A1E7A4F7556}") = "Praxeum.Data", "Praxeum.Data\Praxeum.Data.csproj", "{528A9DD9-D936-400E-808F-4F9AF9204619}"
EndProject
Project("{9A19103F-16F7-4668-BE54-9A1E7A4F7556}") = "Praxeum.Data.Tests", "Praxeum.Data.Tests\Praxeum.Data.Tests.csproj", "{82E7743C-646B-4F65-93F7-590485033C29}"
EndProject
Project("{9A19103F-16F7-4668-BE54-9A1E7A4F7556}") = "Praxeum.Domain", "Praxeum.Domain\Praxeum.Domain.csproj", "{32F4CA87-B1F1-49A1-8D37-BB75BDFC9AF9}"
EndProject
Project("{9A19103F-16F7-4668-BE54-9A1E7A4F7556}") = "Praxeum.Domain.Tests", "Praxeum.Domain.Tests\Praxeum.Domain.Tests.csproj", "{0C224061-0F02-40EF-8B7F-3C0877927E51}"
EndProject
Project("{9A19103F-16F7-4668-BE54-9A1E7A4F7556}") = "Praxeum.ConsoleApp.DatabaseMigrator", "Praxeum.ConsoleApp.DatabaseMigrator\Praxeum.ConsoleApp.DatabaseMigrator.csproj", "{18337EA0-A333-4920-89BF-4F9A15CA70FD}"
EndProject
Global
	GlobalSection(SolutionConfigurationPlatforms) = preSolution
		Debug|Any CPU = Debug|Any CPU
		Release|Any CPU = Release|Any CPU
	EndGlobalSection
	GlobalSection(ProjectConfigurationPlatforms) = postSolution
		{DA43D4B0-A350-4D74-863B-A6DF22B6ACA7}.Debug|Any CPU.ActiveCfg = Debug|Any CPU
		{DA43D4B0-A350-4D74-863B-A6DF22B6ACA7}.Debug|Any CPU.Build.0 = Debug|Any CPU
		{DA43D4B0-A350-4D74-863B-A6DF22B6ACA7}.Release|Any CPU.ActiveCfg = Release|Any CPU
		{DA43D4B0-A350-4D74-863B-A6DF22B6ACA7}.Release|Any CPU.Build.0 = Release|Any CPU
		{2238A553-8299-4BB5-B7B1-F22F6691E0A7}.Debug|Any CPU.ActiveCfg = Debug|Any CPU
		{2238A553-8299-4BB5-B7B1-F22F6691E0A7}.Debug|Any CPU.Build.0 = Debug|Any CPU
		{2238A553-8299-4BB5-B7B1-F22F6691E0A7}.Release|Any CPU.ActiveCfg = Release|Any CPU
		{2238A553-8299-4BB5-B7B1-F22F6691E0A7}.Release|Any CPU.Build.0 = Release|Any CPU
		{88F32908-B92B-4FF1-941F-0FF154F9010E}.Debug|Any CPU.ActiveCfg = Debug|Any CPU
		{88F32908-B92B-4FF1-941F-0FF154F9010E}.Debug|Any CPU.Build.0 = Debug|Any CPU
		{88F32908-B92B-4FF1-941F-0FF154F9010E}.Release|Any CPU.ActiveCfg = Release|Any CPU
		{88F32908-B92B-4FF1-941F-0FF154F9010E}.Release|Any CPU.Build.0 = Release|Any CPU
		{2D794B1C-2B5D-4B22-8CBE-688300EB4247}.Debug|Any CPU.ActiveCfg = Debug|Any CPU
		{2D794B1C-2B5D-4B22-8CBE-688300EB4247}.Debug|Any CPU.Build.0 = Debug|Any CPU
		{2D794B1C-2B5D-4B22-8CBE-688300EB4247}.Release|Any CPU.ActiveCfg = Release|Any CPU
		{2D794B1C-2B5D-4B22-8CBE-688300EB4247}.Release|Any CPU.Build.0 = Release|Any CPU
		{528A9DD9-D936-400E-808F-4F9AF9204619}.Debug|Any CPU.ActiveCfg = Debug|Any CPU
		{528A9DD9-D936-400E-808F-4F9AF9204619}.Debug|Any CPU.Build.0 = Debug|Any CPU
		{528A9DD9-D936-400E-808F-4F9AF9204619}.Release|Any CPU.ActiveCfg = Release|Any CPU
		{528A9DD9-D936-400E-808F-4F9AF9204619}.Release|Any CPU.Build.0 = Release|Any CPU
		{82E7743C-646B-4F65-93F7-590485033C29}.Debug|Any CPU.ActiveCfg = Debug|Any CPU
		{82E7743C-646B-4F65-93F7-590485033C29}.Debug|Any CPU.Build.0 = Debug|Any CPU
		{82E7743C-646B-4F65-93F7-590485033C29}.Release|Any CPU.ActiveCfg = Release|Any CPU
		{82E7743C-646B-4F65-93F7-590485033C29}.Release|Any CPU.Build.0 = Release|Any CPU
		{32F4CA87-B1F1-49A1-8D37-BB75BDFC9AF9}.Debug|Any CPU.ActiveCfg = Debug|Any CPU
		{32F4CA87-B1F1-49A1-8D37-BB75BDFC9AF9}.Debug|Any CPU.Build.0 = Debug|Any CPU
		{32F4CA87-B1F1-49A1-8D37-BB75BDFC9AF9}.Release|Any CPU.ActiveCfg = Release|Any CPU
		{32F4CA87-B1F1-49A1-8D37-BB75BDFC9AF9}.Release|Any CPU.Build.0 = Release|Any CPU
		{0C224061-0F02-40EF-8B7F-3C0877927E51}.Debug|Any CPU.ActiveCfg = Debug|Any CPU
		{0C224061-0F02-40EF-8B7F-3C0877927E51}.Debug|Any CPU.Build.0 = Debug|Any CPU
		{0C224061-0F02-40EF-8B7F-3C0877927E51}.Release|Any CPU.ActiveCfg = Release|Any CPU
		{0C224061-0F02-40EF-8B7F-3C0877927E51}.Release|Any CPU.Build.0 = Release|Any CPU
		{18337EA0-A333-4920-89BF-4F9A15CA70FD}.Debug|Any CPU.ActiveCfg = Debug|Any CPU
		{18337EA0-A333-4920-89BF-4F9A15CA70FD}.Debug|Any CPU.Build.0 = Debug|Any CPU
		{18337EA0-A333-4920-89BF-4F9A15CA70FD}.Release|Any CPU.ActiveCfg = Release|Any CPU
		{18337EA0-A333-4920-89BF-4F9A15CA70FD}.Release|Any CPU.Build.0 = Release|Any CPU
	EndGlobalSection
	GlobalSection(SolutionProperties) = preSolution
		HideSolutionNode = FALSE
	EndGlobalSection
	GlobalSection(ExtensibilityGlobals) = postSolution
		SolutionGuid = {0EE9AE0B-B200-42BC-8E68-799F98FC8735}
	EndGlobalSection
EndGlobal
